// !$*UTF8*$!
{
	archiveVersion = 1;
	classes = {
	};
	objectVersion = 46;
	objects = {

/* Begin PBXBuildFile section */
		0065341618D02941002F8984 /* Foundation.framework in Frameworks */ = {isa = PBXBuildFile; fileRef = 0065341518D02941002F8984 /* Foundation.framework */; };
		0065341818D02941002F8984 /* CoreGraphics.framework in Frameworks */ = {isa = PBXBuildFile; fileRef = 0065341718D02941002F8984 /* CoreGraphics.framework */; };
		0065341A18D02941002F8984 /* UIKit.framework in Frameworks */ = {isa = PBXBuildFile; fileRef = 0065341918D02941002F8984 /* UIKit.framework */; };
		0065342018D02941002F8984 /* InfoPlist.strings in Resources */ = {isa = PBXBuildFile; fileRef = 0065341E18D02941002F8984 /* InfoPlist.strings */; };
		0065342218D02941002F8984 /* main.m in Sources */ = {isa = PBXBuildFile; fileRef = 0065342118D02941002F8984 /* main.m */; };
		0065342618D02941002F8984 /* SRAppDelegate.m in Sources */ = {isa = PBXBuildFile; fileRef = 0065342518D02941002F8984 /* SRAppDelegate.m */; };
		0065342918D02941002F8984 /* Main.storyboard in Resources */ = {isa = PBXBuildFile; fileRef = 0065342718D02941002F8984 /* Main.storyboard */; };
		0065342C18D02941002F8984 /* SRViewController.m in Sources */ = {isa = PBXBuildFile; fileRef = 0065342B18D02941002F8984 /* SRViewController.m */; };
		0065342E18D02941002F8984 /* Images.xcassets in Resources */ = {isa = PBXBuildFile; fileRef = 0065342D18D02941002F8984 /* Images.xcassets */; };
		0065343518D02941002F8984 /* XCTest.framework in Frameworks */ = {isa = PBXBuildFile; fileRef = 0065343418D02941002F8984 /* XCTest.framework */; };
		0065343618D02941002F8984 /* Foundation.framework in Frameworks */ = {isa = PBXBuildFile; fileRef = 0065341518D02941002F8984 /* Foundation.framework */; };
		0065343718D02941002F8984 /* UIKit.framework in Frameworks */ = {isa = PBXBuildFile; fileRef = 0065341918D02941002F8984 /* UIKit.framework */; };
		0065343F18D02941002F8984 /* InfoPlist.strings in Resources */ = {isa = PBXBuildFile; fileRef = 0065343D18D02941002F8984 /* InfoPlist.strings */; };
		0065344118D02941002F8984 /* AutoLayoutTests.m in Sources */ = {isa = PBXBuildFile; fileRef = 0065344018D02941002F8984 /* AutoLayoutTests.m */; };
		0065344C18D0296F002F8984 /* SRTableViewCell.m in Sources */ = {isa = PBXBuildFile; fileRef = 0065344B18D0296F002F8984 /* SRTableViewCell.m */; };
/* End PBXBuildFile section */

/* Begin PBXContainerItemProxy section */
		0065343818D02941002F8984 /* PBXContainerItemProxy */ = {
			isa = PBXContainerItemProxy;
			containerPortal = 0065340A18D02941002F8984 /* Project object */;
			proxyType = 1;
			remoteGlobalIDString = 0065341118D02941002F8984;
			remoteInfo = AutoLayout;
		};
/* End PBXContainerItemProxy section */

/* Begin PBXFileReference section */
		0065341218D02941002F8984 /* AutoLayout.app */ = {isa = PBXFileReference; explicitFileType = wrapper.application; includeInIndex = 0; path = AutoLayout.app; sourceTree = BUILT_PRODUCTS_DIR; };
		0065341518D02941002F8984 /* Foundation.framework */ = {isa = PBXFileReference; lastKnownFileType = wrapper.framework; name = Foundation.framework; path = System/Library/Frameworks/Foundation.framework; sourceTree = SDKROOT; };
		0065341718D02941002F8984 /* CoreGraphics.framework */ = {isa = PBXFileReference; lastKnownFileType = wrapper.framework; name = CoreGraphics.framework; path = System/Library/Frameworks/CoreGraphics.framework; sourceTree = SDKROOT; };
		0065341918D02941002F8984 /* UIKit.framework */ = {isa = PBXFileReference; lastKnownFileType = wrapper.framework; name = UIKit.framework; path = System/Library/Frameworks/UIKit.framework; sourceTree = SDKROOT; };
		0065341D18D02941002F8984 /* AutoLayout-Info.plist */ = {isa = PBXFileReference; lastKnownFileType = text.plist.xml; path = "AutoLayout-Info.plist"; sourceTree = "<group>"; };
		0065341F18D02941002F8984 /* en */ = {isa = PBXFileReference; lastKnownFileType = text.plist.strings; name = en; path = en.lproj/InfoPlist.strings; sourceTree = "<group>"; };
		0065342118D02941002F8984 /* main.m */ = {isa = PBXFileReference; lastKnownFileType = sourcecode.c.objc; path = main.m; sourceTree = "<group>"; };
		0065342318D02941002F8984 /* AutoLayout-Prefix.pch */ = {isa = PBXFileReference; lastKnownFileType = sourcecode.c.h; path = "AutoLayout-Prefix.pch"; sourceTree = "<group>"; };
		0065342418D02941002F8984 /* SRAppDelegate.h */ = {isa = PBXFileReference; lastKnownFileType = sourcecode.c.h; path = SRAppDelegate.h; sourceTree = "<group>"; };
		0065342518D02941002F8984 /* SRAppDelegate.m */ = {isa = PBXFileReference; lastKnownFileType = sourcecode.c.objc; path = SRAppDelegate.m; sourceTree = "<group>"; };
		0065342818D02941002F8984 /* Base */ = {isa = PBXFileReference; lastKnownFileType = file.storyboard; name = Base; path = Base.lproj/Main.storyboard; sourceTree = "<group>"; };
		0065342A18D02941002F8984 /* SRViewController.h */ = {isa = PBXFileReference; lastKnownFileType = sourcecode.c.h; path = SRViewController.h; sourceTree = "<group>"; };
		0065342B18D02941002F8984 /* SRViewController.m */ = {isa = PBXFileReference; lastKnownFileType = sourcecode.c.objc; path = SRViewController.m; sourceTree = "<group>"; };
		0065342D18D02941002F8984 /* Images.xcassets */ = {isa = PBXFileReference; lastKnownFileType = folder.assetcatalog; path = Images.xcassets; sourceTree = "<group>"; };
		0065343318D02941002F8984 /* AutoLayoutTests.xctest */ = {isa = PBXFileReference; explicitFileType = wrapper.cfbundle; includeInIndex = 0; path = AutoLayoutTests.xctest; sourceTree = BUILT_PRODUCTS_DIR; };
		0065343418D02941002F8984 /* XCTest.framework */ = {isa = PBXFileReference; lastKnownFileType = wrapper.framework; name = XCTest.framework; path = Library/Frameworks/XCTest.framework; sourceTree = DEVELOPER_DIR; };
		0065343C18D02941002F8984 /* AutoLayoutTests-Info.plist */ = {isa = PBXFileReference; lastKnownFileType = text.plist.xml; path = "AutoLayoutTests-Info.plist"; sourceTree = "<group>"; };
		0065343E18D02941002F8984 /* en */ = {isa = PBXFileReference; lastKnownFileType = text.plist.strings; name = en; path = en.lproj/InfoPlist.strings; sourceTree = "<group>"; };
		0065344018D02941002F8984 /* AutoLayoutTests.m */ = {isa = PBXFileReference; lastKnownFileType = sourcecode.c.objc; path = AutoLayoutTests.m; sourceTree = "<group>"; };
		0065344A18D0296F002F8984 /* SRTableViewCell.h */ = {isa = PBXFileReference; fileEncoding = 4; lastKnownFileType = sourcecode.c.h; path = SRTableViewCell.h; sourceTree = "<group>"; };
		0065344B18D0296F002F8984 /* SRTableViewCell.m */ = {isa = PBXFileReference; fileEncoding = 4; lastKnownFileType = sourcecode.c.objc; path = SRTableViewCell.m; sourceTree = "<group>"; };
/* End PBXFileReference section */

/* Begin PBXFrameworksBuildPhase section */
		0065340F18D02941002F8984 /* Frameworks */ = {
			isa = PBXFrameworksBuildPhase;
			buildActionMask = 2147483647;
			files = (
				0065341818D02941002F8984 /* CoreGraphics.framework in Frameworks */,
				0065341A18D02941002F8984 /* UIKit.framework in Frameworks */,
				0065341618D02941002F8984 /* Foundation.framework in Frameworks */,
			);
			runOnlyForDeploymentPostprocessing = 0;
		};
		0065343018D02941002F8984 /* Frameworks */ = {
			isa = PBXFrameworksBuildPhase;
			buildActionMask = 2147483647;
			files = (
				0065343518D02941002F8984 /* XCTest.framework in Frameworks */,
				0065343718D02941002F8984 /* UIKit.framework in Frameworks */,
				0065343618D02941002F8984 /* Foundation.framework in Frameworks */,
			);
			runOnlyForDeploymentPostprocessing = 0;
		};
/* End PBXFrameworksBuildPhase section */

/* Begin PBXGroup section */
		0065340918D02941002F8984 = {
			isa = PBXGroup;
			children = (
				0065341B18D02941002F8984 /* AutoLayout */,
				0065343A18D02941002F8984 /* AutoLayoutTests */,
				0065341418D02941002F8984 /* Frameworks */,
				0065341318D02941002F8984 /* Products */,
			);
			sourceTree = "<group>";
		};
		0065341318D02941002F8984 /* Products */ = {
			isa = PBXGroup;
			children = (
				0065341218D02941002F8984 /* AutoLayout.app */,
				0065343318D02941002F8984 /* AutoLayoutTests.xctest */,
			);
			name = Products;
			sourceTree = "<group>";
		};
		0065341418D02941002F8984 /* Frameworks */ = {
			isa = PBXGroup;
			children = (
				0065341518D02941002F8984 /* Foundation.framework */,
				0065341718D02941002F8984 /* CoreGraphics.framework */,
				0065341918D02941002F8984 /* UIKit.framework */,
				0065343418D02941002F8984 /* XCTest.framework */,
			);
			name = Frameworks;
			sourceTree = "<group>";
		};
		0065341B18D02941002F8984 /* AutoLayout */ = {
			isa = PBXGroup;
			children = (
				0065342418D02941002F8984 /* SRAppDelegate.h */,
				0065342518D02941002F8984 /* SRAppDelegate.m */,
				0065342718D02941002F8984 /* Main.storyboard */,
				0065342A18D02941002F8984 /* SRViewController.h */,
				0065342B18D02941002F8984 /* SRViewController.m */,
				0065344A18D0296F002F8984 /* SRTableViewCell.h */,
				0065344B18D0296F002F8984 /* SRTableViewCell.m */,
				0065342D18D02941002F8984 /* Images.xcassets */,
				0065341C18D02941002F8984 /* Supporting Files */,
			);
			path = AutoLayout;
			sourceTree = "<group>";
		};
		0065341C18D02941002F8984 /* Supporting Files */ = {
			isa = PBXGroup;
			children = (
				0065341D18D02941002F8984 /* AutoLayout-Info.plist */,
				0065341E18D02941002F8984 /* InfoPlist.strings */,
				0065342118D02941002F8984 /* main.m */,
				0065342318D02941002F8984 /* AutoLayout-Prefix.pch */,
			);
			name = "Supporting Files";
			sourceTree = "<group>";
		};
		0065343A18D02941002F8984 /* AutoLayoutTests */ = {
			isa = PBXGroup;
			children = (
				0065344018D02941002F8984 /* AutoLayoutTests.m */,
				0065343B18D02941002F8984 /* Supporting Files */,
			);
			path = AutoLayoutTests;
			sourceTree = "<group>";
		};
		0065343B18D02941002F8984 /* Supporting Files */ = {
			isa = PBXGroup;
			children = (
				0065343C18D02941002F8984 /* AutoLayoutTests-Info.plist */,
				0065343D18D02941002F8984 /* InfoPlist.strings */,
			);
			name = "Supporting Files";
			sourceTree = "<group>";
		};
/* End PBXGroup section */

/* Begin PBXNativeTarget section */
		0065341118D02941002F8984 /* AutoLayout */ = {
			isa = PBXNativeTarget;
			buildConfigurationList = 0065344418D02941002F8984 /* Build configuration list for PBXNativeTarget "AutoLayout" */;
			buildPhases = (
				0065340E18D02941002F8984 /* Sources */,
				0065340F18D02941002F8984 /* Frameworks */,
				0065341018D02941002F8984 /* Resources */,
			);
			buildRules = (
			);
			dependencies = (
			);
			name = AutoLayout;
			productName = AutoLayout;
			productReference = 0065341218D02941002F8984 /* AutoLayout.app */;
			productType = "com.apple.product-type.application";
		};
		0065343218D02941002F8984 /* AutoLayoutTests */ = {
			isa = PBXNativeTarget;
			buildConfigurationList = 0065344718D02941002F8984 /* Build configuration list for PBXNativeTarget "AutoLayoutTests" */;
			buildPhases = (
				0065342F18D02941002F8984 /* Sources */,
				0065343018D02941002F8984 /* Frameworks */,
				0065343118D02941002F8984 /* Resources */,
			);
			buildRules = (
			);
			dependencies = (
				0065343918D02941002F8984 /* PBXTargetDependency */,
			);
			name = AutoLayoutTests;
			productName = AutoLayoutTests;
			productReference = 0065343318D02941002F8984 /* AutoLayoutTests.xctest */;
			productType = "com.apple.product-type.bundle.unit-test";
		};
/* End PBXNativeTarget section */

/* Begin PBXProject section */
		0065340A18D02941002F8984 /* Project object */ = {
			isa = PBXProject;
			attributes = {
				CLASSPREFIX = SR;
				LastUpgradeCheck = 0510;
				ORGANIZATIONNAME = "Steve Riggins";
				TargetAttributes = {
					0065343218D02941002F8984 = {
						TestTargetID = 0065341118D02941002F8984;
					};
				};
			};
			buildConfigurationList = 0065340D18D02941002F8984 /* Build configuration list for PBXProject "AutoLayout" */;
			compatibilityVersion = "Xcode 3.2";
			developmentRegion = English;
			hasScannedForEncodings = 0;
			knownRegions = (
				en,
				Base,
			);
			mainGroup = 0065340918D02941002F8984;
			productRefGroup = 0065341318D02941002F8984 /* Products */;
			projectDirPath = "";
			projectRoot = "";
			targets = (
				0065341118D02941002F8984 /* AutoLayout */,
				0065343218D02941002F8984 /* AutoLayoutTests */,
			);
		};
/* End PBXProject section */

/* Begin PBXResourcesBuildPhase section */
		0065341018D02941002F8984 /* Resources */ = {
			isa = PBXResourcesBuildPhase;
			buildActionMask = 2147483647;
			files = (
				0065342E18D02941002F8984 /* Images.xcassets in Resources */,
				0065342018D02941002F8984 /* InfoPlist.strings in Resources */,
				0065342918D02941002F8984 /* Main.storyboard in Resources */,
			);
			runOnlyForDeploymentPostprocessing = 0;
		};
		0065343118D02941002F8984 /* Resources */ = {
			isa = PBXResourcesBuildPhase;
			buildActionMask = 2147483647;
			files = (
				0065343F18D02941002F8984 /* InfoPlist.strings in Resources */,
			);
			runOnlyForDeploymentPostprocessing = 0;
		};
/* End PBXResourcesBuildPhase section */

/* Begin PBXSourcesBuildPhase section */
		0065340E18D02941002F8984 /* Sources */ = {
			isa = PBXSourcesBuildPhase;
			buildActionMask = 2147483647;
			files = (
				0065344C18D0296F002F8984 /* SRTableViewCell.m in Sources */,
				0065342218D02941002F8984 /* main.m in Sources */,
				0065342C18D02941002F8984 /* SRViewController.m in Sources */,
				0065342618D02941002F8984 /* SRAppDelegate.m in Sources */,
			);
			runOnlyForDeploymentPostprocessing = 0;
		};
		0065342F18D02941002F8984 /* Sources */ = {
			isa = PBXSourcesBuildPhase;
			buildActionMask = 2147483647;
			files = (
				0065344118D02941002F8984 /* AutoLayoutTests.m in Sources */,
			);
			runOnlyForDeploymentPostprocessing = 0;
		};
/* End PBXSourcesBuildPhase section */

/* Begin PBXTargetDependency section */
		0065343918D02941002F8984 /* PBXTargetDependency */ = {
			isa = PBXTargetDependency;
			target = 0065341118D02941002F8984 /* AutoLayout */;
			targetProxy = 0065343818D02941002F8984 /* PBXContainerItemProxy */;
		};
/* End PBXTargetDependency section */

/* Begin PBXVariantGroup section */
		0065341E18D02941002F8984 /* InfoPlist.strings */ = {
			isa = PBXVariantGroup;
			children = (
				0065341F18D02941002F8984 /* en */,
			);
			name = InfoPlist.strings;
			sourceTree = "<group>";
		};
		0065342718D02941002F8984 /* Main.storyboard */ = {
			isa = PBXVariantGroup;
			children = (
				0065342818D02941002F8984 /* Base */,
			);
			name = Main.storyboard;
			sourceTree = "<group>";
		};
		0065343D18D02941002F8984 /* InfoPlist.strings */ = {
			isa = PBXVariantGroup;
			children = (
				0065343E18D02941002F8984 /* en */,
			);
			name = InfoPlist.strings;
			sourceTree = "<group>";
		};
/* End PBXVariantGroup section */

/* Begin XCBuildConfiguration section */
		0065344218D02941002F8984 /* Debug */ = {
			isa = XCBuildConfiguration;
			buildSettings = {
				ALWAYS_SEARCH_USER_PATHS = NO;
				CLANG_CXX_LANGUAGE_STANDARD = "gnu++0x";
				CLANG_CXX_LIBRARY = "libc++";
				CLANG_ENABLE_MODULES = YES;
				CLANG_ENABLE_OBJC_ARC = YES;
				CLANG_WARN_BOOL_CONVERSION = YES;
				CLANG_WARN_CONSTANT_CONVERSION = YES;
				CLANG_WARN_DIRECT_OBJC_ISA_USAGE = YES_ERROR;
				CLANG_WARN_EMPTY_BODY = YES;
				CLANG_WARN_ENUM_CONVERSION = YES;
				CLANG_WARN_INT_CONVERSION = YES;
				CLANG_WARN_OBJC_ROOT_CLASS = YES_ERROR;
				CLANG_WARN__DUPLICATE_METHOD_MATCH = YES;
				"CODE_SIGN_IDENTITY[sdk=iphoneos*]" = "iPhone Developer";
				COPY_PHASE_STRIP = NO;
				GCC_C_LANGUAGE_STANDARD = gnu99;
				GCC_DYNAMIC_NO_PIC = NO;
				GCC_OPTIMIZATION_LEVEL = 0;
				GCC_PREPROCESSOR_DEFINITIONS = (
					"DEBUG=1",
					"$(inherited)",
				);
				GCC_SYMBOLS_PRIVATE_EXTERN = NO;
				GCC_WARN_64_TO_32_BIT_CONVERSION = YES;
				GCC_WARN_ABOUT_RETURN_TYPE = YES_ERROR;
				GCC_WARN_UNDECLARED_SELECTOR = YES;
				GCC_WARN_UNINITIALIZED_AUTOS = YES_AGGRESSIVE;
				GCC_WARN_UNUSED_FUNCTION = YES;
				GCC_WARN_UNUSED_VARIABLE = YES;
				IPHONEOS_DEPLOYMENT_TARGET = 7.1;
				ONLY_ACTIVE_ARCH = YES;
				SDKROOT = iphoneos;
			};
			name = Debug;
		};
		0065344318D02941002F8984 /* Release */ = {
			isa = XCBuildConfiguration;
			buildSettings = {
				ALWAYS_SEARCH_USER_PATHS = NO;
				CLANG_CXX_LANGUAGE_STANDARD = "gnu++0x";
				CLANG_CXX_LIBRARY = "libc++";
				CLANG_ENABLE_MODULES = YES;
				CLANG_ENABLE_OBJC_ARC = YES;
				CLANG_WARN_BOOL_CONVERSION = YES;
				CLANG_WARN_CONSTANT_CONVERSION = YES;
				CLANG_WARN_DIRECT_OBJC_ISA_USAGE = YES_ERROR;
				CLANG_WARN_EMPTY_BODY = YES;
				CLANG_WARN_ENUM_CONVERSION = YES;
				CLANG_WARN_INT_CONVERSION = YES;
				CLANG_WARN_OBJC_ROOT_CLASS = YES_ERROR;
				CLANG_WARN__DUPLICATE_METHOD_MATCH = YES;
				"CODE_SIGN_IDENTITY[sdk=iphoneos*]" = "iPhone Developer";
				COPY_PHASE_STRIP = YES;
				ENABLE_NS_ASSERTIONS = NO;
				GCC_C_LANGUAGE_STANDARD = gnu99;
				GCC_WARN_64_TO_32_BIT_CONVERSION = YES;
				GCC_WARN_ABOUT_RETURN_TYPE = YES_ERROR;
				GCC_WARN_UNDECLARED_SELECTOR = YES;
				GCC_WARN_UNINITIALIZED_AUTOS = YES_AGGRESSIVE;
				GCC_WARN_UNUSED_FUNCTION = YES;
				GCC_WARN_UNUSED_VARIABLE = YES;
				IPHONEOS_DEPLOYMENT_TARGET = 7.1;
				SDKROOT = iphoneos;
				VALIDATE_PRODUCT = YES;
			};
			name = Release;
		};
		0065344518D02941002F8984 /* Debug */ = {
			isa = XCBuildConfiguration;
			buildSettings = {
				ASSETCATALOG_COMPILER_APPICON_NAME = AppIcon;
				ASSETCATALOG_COMPILER_LAUNCHIMAGE_NAME = LaunchImage;
				GCC_PRECOMPILE_PREFIX_HEADER = YES;
				GCC_PREFIX_HEADER = "AutoLayout/AutoLayout-Prefix.pch";
				INFOPLIST_FILE = "AutoLayout/AutoLayout-Info.plist";
				PRODUCT_NAME = "$(TARGET_NAME)";
				WRAPPER_EXTENSION = app;
			};
			name = Debug;
		};
		0065344618D02941002F8984 /* Release */ = {
			isa = XCBuildConfiguration;
			buildSettings = {
				ASSETCATALOG_COMPILER_APPICON_NAME = AppIcon;
				ASSETCATALOG_COMPILER_LAUNCHIMAGE_NAME = LaunchImage;
				GCC_PRECOMPILE_PREFIX_HEADER = YES;
				GCC_PREFIX_HEADER = "AutoLayout/AutoLayout-Prefix.pch";
				INFOPLIST_FILE = "AutoLayout/AutoLayout-Info.plist";
				PRODUCT_NAME = "$(TARGET_NAME)";
				WRAPPER_EXTENSION = app;
			};
			name = Release;
		};
		0065344818D02941002F8984 /* Debug */ = {
			isa = XCBuildConfiguration;
			buildSettings = {
				BUNDLE_LOADER = "$(BUILT_PRODUCTS_DIR)/AutoLayout.app/AutoLayout";
				FRAMEWORK_SEARCH_PATHS = (
					"$(SDKROOT)/Developer/Library/Frameworks",
					"$(inherited)",
					"$(DEVELOPER_FRAMEWORKS_DIR)",
				);
				GCC_PRECOMPILE_PREFIX_HEADER = YES;
				GCC_PREFIX_HEADER = "AutoLayout/AutoLayout-Prefix.pch";
				GCC_PREPROCESSOR_DEFINITIONS = (
					"DEBUG=1",
					"$(inherited)",
				);
				INFOPLIST_FILE = "AutoLayoutTests/AutoLayoutTests-Info.plist";
				PRODUCT_NAME = "$(TARGET_NAME)";
				TEST_HOST = "$(BUNDLE_LOADER)";
				WRAPPER_EXTENSION = xctest;
			};
			name = Debug;
		};
		0065344918D02941002F8984 /* Release */ = {
			isa = XCBuildConfiguration;
			buildSettings = {
				BUNDLE_LOADER = "$(BUILT_PRODUCTS_DIR)/AutoLayout.app/AutoLayout";
				FRAMEWORK_SEARCH_PATHS = (
					"$(SDKROOT)/Developer/Library/Frameworks",
					"$(inherited)",
					"$(DEVELOPER_FRAMEWORKS_DIR)",
				);
				GCC_PRECOMPILE_PREFIX_HEADER = YES;
				GCC_PREFIX_HEADER = "AutoLayout/AutoLayout-Prefix.pch";
				INFOPLIST_FILE = "AutoLayoutTests/AutoLayoutTests-Info.plist";
				PRODUCT_NAME = "$(TARGET_NAME)";
				TEST_HOST = "$(BUNDLE_LOADER)";
				WRAPPER_EXTENSION = xctest;
			};
			name = Release;
		};
/* End XCBuildConfiguration section */

/* Begin XCConfigurationList section */
		0065340D18D02941002F8984 /* Build configuration list for PBXProject "AutoLayout" */ = {
			isa = XCConfigurationList;
			buildConfigurations = (
				0065344218D02941002F8984 /* Debug */,
				0065344318D02941002F8984 /* Release */,
			);
			defaultConfigurationIsVisible = 0;
			defaultConfigurationName = Release;
		};
		0065344418D02941002F8984 /* Build configuration list for PBXNativeTarget "AutoLayout" */ = {
			isa = XCConfigurationList;
			buildConfigurations = (
				0065344518D02941002F8984 /* Debug */,
				0065344618D02941002F8984 /* Release */,
			);
			defaultConfigurationIsVisible = 0;
		};
		0065344718D02941002F8984 /* Build configuration list for PBXNativeTarget "AutoLayoutTests" */ = {
			isa = XCConfigurationList;
			buildConfigurations = (
				0065344818D02941002F8984 /* Debug */,
				0065344918D02941002F8984 /* Release */,
			);
			defaultConfigurationIsVisible = 0;
		};
/* End XCConfigurationList section */
	};
	rootObject = 0065340A18D02941002F8984 /* Project object */;
}
